
Microsoft Visual Studio Solution File, Format Version 12.00
# Visual Studio 15
VisualStudioVersion = 15.0.28010.2050
MinimumVisualStudioVersion = 10.0.40219.1
Project("{FAE04EC0-301F-11D3-BF4B-00C04F79EFBC}") = "NorthstarStager", "NorthstarStager\NorthstarStager.csproj", "{4FD3CB20-0D77-4774-9551-EDF09AE42314}"
EndProject
Global
	GlobalSection(SolutionConfigurationPlatforms) = preSolution
		Debug|Any CPU = Debug|Any CPU
		Release|Any CPU = Release|Any CPU
	EndGlobalSection
	GlobalSection(ProjectConfigurationPlatforms) = postSolution
		{4FD3CB20-0D77-4774-9551-EDF09AE42314}.Debug|Any CPU.ActiveCfg = Debug|Any CPU
		{4FD3CB20-0D77-4774-9551-EDF09AE42314}.Debug|Any CPU.Build.0 = Debug|Any CPU
		{4FD3CB20-0D77-4774-9551-EDF09AE42314}.Release|Any CPU.ActiveCfg = Release|Any CPU
		{4FD3CB20-0D77-4774-9551-EDF09AE42314}.Release|Any CPU.Build.0 = Release|Any CPU
	EndGlobalSection
	GlobalSection(SolutionProperties) = preSolution
		HideSolutionNode = FALSE
	EndGlobalSection
	GlobalSection(ExtensibilityGlobals) = postSolution
		SolutionGuid = {14903101-0A15-4B42-9FB2-7D5A22844A2C}
	EndGlobalSection
EndGlobal
